
Microsoft Visual Studio Solution File, Format Version 12.00
# Visual Studio 15
VisualStudioVersion = 15.0.27004.2005
MinimumVisualStudioVersion = 10.0.40219.1
Project("{FAE04EC0-301F-11D3-BF4B-00C04F79EFBC}") = "fantastic", "fantastic\fantastic.csproj", "{1C01C6C0-D42D-4CD5-8494-D9DE941C7773}"
EndProject
Global
	GlobalSection(SolutionConfigurationPlatforms) = preSolution
		Debug|Any CPU = Debug|Any CPU
		Release|Any CPU = Release|Any CPU
	EndGlobalSection
	GlobalSection(ProjectConfigurationPlatforms) = postSolution
		{1C01C6C0-D42D-4CD5-8494-D9DE941C7773}.Debug|Any CPU.ActiveCfg = Debug|Any CPU
		{1C01C6C0-D42D-4CD5-8494-D9DE941C7773}.Debug|Any CPU.Build.0 = Debug|Any CPU
		{1C01C6C0-D42D-4CD5-8494-D9DE941C7773}.Release|Any CPU.ActiveCfg = Release|Any CPU
		{1C01C6C0-D42D-4CD5-8494-D9DE941C7773}.Release|Any CPU.Build.0 = Release|Any CPU
	EndGlobalSection
	GlobalSection(SolutionProperties) = preSolution
		HideSolutionNode = FALSE
	EndGlobalSection
	GlobalSection(ExtensibilityGlobals) = postSolution
		SolutionGuid = {05F77C81-C942-4CD9-92E0-9B14D1D8E733}
	EndGlobalSection
EndGlobal
